# THIS IS AN AUTOGENERATED FILE. DO NOT EDIT THIS FILE DIRECTLY.
# yarn lockfile v1


"@popperjs/core@^2.9.0":
  version "2.11.8"
  resolved "https://registry.yarnpkg.com/@popperjs/core/-/core-2.11.8.tgz#6b79032e760a0899cd4204710beede972a3a185f"
  integrity sha512-P1st0aksCrn9sGZhp8GMYwBnQsbvAWsZAX44oXNNvLHGqAOcoVxmjZiohstwQ7SqKnbR47akdNi+uleWD8+g6A==

"@tiptap/core@^2.1.6":
  version "2.1.6"
  resolved "https://registry.yarnpkg.com/@tiptap/core/-/core-2.1.6.tgz#681350ebbdc429850059f43d4aa31181b78293f0"
  integrity sha512-gm8n1oiBhSP6CDhalmmWwLD7yzIUqJJ246/t8rY3o+HJ/I+p0rqCx0mPvMiwcIBmYX8tUCVz7mb9aSFUu/umOQ==

"@tiptap/extension-bubble-menu@^2.1.6":
  version "2.1.6"
  resolved "https://registry.yarnpkg.com/@tiptap/extension-bubble-menu/-/extension-bubble-menu-2.1.6.tgz#23b2664963a7347f864a7255be83592927268399"
  integrity sha512-13YDJB19xbDL/SZaPs8NvUAA+w5MIWugP8ByKQeIlL8vlcbiJjqoT77YP6v300DtFyVrnLo/iMJh9RMB4NOnwg==
  dependencies:
    tippy.js "^6.3.7"

"@tiptap/extension-floating-menu@^2.1.6":
  version "2.1.6"
  resolved "https://registry.yarnpkg.com/@tiptap/extension-floating-menu/-/extension-floating-menu-2.1.6.tgz#df5ddcafc70981028d8869bc0269f3bb850fdde4"
  integrity sha512-Xy4esdjsZlgNxMbBC6+wLoiTfqaqFjuFquqcYEPqzgBizYa15Ww6wIx5+h2K+hzyJkSPI7ZX/rPjKXML8lNteQ==
  dependencies:
    tippy.js "^6.3.7"

"@tiptap/react@^2.1.6":
  version "2.1.6"
  resolved "https://registry.yarnpkg.com/@tiptap/react/-/react-2.1.6.tgz#b4004fd564a48afa1cbe75f27d5e43fabc90276c"
  integrity sha512-HEsoFlcE61gQz9TllEtBa+5d909MA/ersbxGYOUWIY2HhH5lvNIUvyJ3pdzMkK/4cSniMsDDqobFexsGyTAsrw==
  dependencies:
    "@tiptap/extension-bubble-menu" "^2.1.6"
    "@tiptap/extension-floating-menu" "^2.1.6"

"js-tokens@^3.0.0 || ^4.0.0":
  version "4.0.0"
  resolved "https://registry.yarnpkg.com/js-tokens/-/js-tokens-4.0.0.tgz#19203fb59991df98e3a287050d4647cdeaf32499"
  integrity sha512-RdJUflcE3cUzKiMqQgsCu06FPu9UdIJO0beYbPhHN4k6apgJtifcoCtT9bcxOpYBtpD2kCM6Sbzg4CausW/PKQ==

loose-envify@^1.1.0:
  version "1.4.0"
  resolved "https://registry.yarnpkg.com/loose-envify/-/loose-envify-1.4.0.tgz#71ee51fa7be4caec1a63839f7e682d8132d30caf"
  integrity sha512-lyuxPGr/Wfhrlem2CL/UcnUc1zcqKAImBDzukY7Y5F/yQiNdko6+fRLevlw1HgMySw7f611UIY408EtxRSoK3Q==
  dependencies:
    js-tokens "^3.0.0 || ^4.0.0"

orderedmap@^2.0.0:
  version "2.1.1"
  resolved "https://registry.yarnpkg.com/orderedmap/-/orderedmap-2.1.1.tgz#61481269c44031c449915497bf5a4ad273c512d2"
  integrity sha512-TvAWxi0nDe1j/rtMcWcIj94+Ffe6n7zhow33h40SKxmsmozs6dz/e+EajymfoFcHd7sxNn8yHM8839uixMOV6g==

prosemirror-model@^1.19.3:
  version "1.19.3"
  resolved "https://registry.yarnpkg.com/prosemirror-model/-/prosemirror-model-1.19.3.tgz#f0d55285487fefd962d0ac695f716f4ec6705006"
  integrity sha512-tgSnwN7BS7/UM0sSARcW+IQryx2vODKX4MI7xpqY2X+iaepJdKBPc7I4aACIsDV/LTaTjt12Z56MhDr9LsyuZQ==
  dependencies:
    orderedmap "^2.0.0"

re-resizable@^6.9.11:
  version "6.9.11"
  resolved "https://registry.yarnpkg.com/re-resizable/-/re-resizable-6.9.11.tgz#f356e27877f12d926d076ab9ad9ff0b95912b475"
  integrity sha512-a3hiLWck/NkmyLvGWUuvkAmN1VhwAz4yOhS6FdMTaxCUVN9joIWkT11wsO68coG/iEYuwn+p/7qAmfQzRhiPLQ==

react@^18.2.0:
  version "18.2.0"
  resolved "https://registry.yarnpkg.com/react/-/react-18.2.0.tgz#555bd98592883255fa00de14f1151a917b5d77d5"
  integrity sha512-/3IjMdb2L9QbBdWiW5e3P2/npwMBaU9mHCSCUzNln0ZCYbcfTsGbTJrU/kGemdH2IWmB2ioZ+zkxtmq6g09fGQ==
  dependencies:
    loose-envify "^1.1.0"

tippy.js@^6.3.7:
  version "6.3.7"
  resolved "https://registry.yarnpkg.com/tippy.js/-/tippy.js-6.3.7.tgz#8ccfb651d642010ed9a32ff29b0e9e19c5b8c61c"
  integrity sha512-E1d3oP2emgJ9dRQZdf3Kkn0qJgI6ZLpyS5z6ZkY1DF3kaQaBsGZsndEpHwx+eC+tYM41HaSNvNtLx8tU57FzTQ==
  dependencies:
    "@popperjs/core" "^2.9.0"
